
Microsoft Visual Studio Solution File, Format Version 12.00
# Visual Studio Version 17
VisualStudioVersion = 17.1.32328.378
MinimumVisualStudioVersion = 10.0.40219.1
Project("{FAE04EC0-301F-11D3-BF4B-00C04F79EFBC}") = "CalculadoraNumerica", "CalculadoraNumerica\CalculadoraNumerica.csproj", "{107679A8-6E19-4BCE-90E6-534774286FEE}"
EndProject
Global
	GlobalSection(SolutionConfigurationPlatforms) = preSolution
		Debug|Any CPU = Debug|Any CPU
		Release|Any CPU = Release|Any CPU
	EndGlobalSection
	GlobalSection(ProjectConfigurationPlatforms) = postSolution
		{107679A8-6E19-4BCE-90E6-534774286FEE}.Debug|Any CPU.ActiveCfg = Debug|Any CPU
		{107679A8-6E19-4BCE-90E6-534774286FEE}.Debug|Any CPU.Build.0 = Debug|Any CPU
		{107679A8-6E19-4BCE-90E6-534774286FEE}.Release|Any CPU.ActiveCfg = Release|Any CPU
		{107679A8-6E19-4BCE-90E6-534774286FEE}.Release|Any CPU.Build.0 = Release|Any CPU
	EndGlobalSection
	GlobalSection(SolutionProperties) = preSolution
		HideSolutionNode = FALSE
	EndGlobalSection
	GlobalSection(ExtensibilityGlobals) = postSolution
		SolutionGuid = {F2EAA5D1-3D7D-45CD-AF94-6EE49827BEA6}
	EndGlobalSection
EndGlobal
