
Microsoft Visual Studio Solution File, Format Version 12.00
# Visual Studio Version 17
VisualStudioVersion = 17.2.32505.173
MinimumVisualStudioVersion = 10.0.40219.1
Project("{FAE04EC0-301F-11D3-BF4B-00C04F79EFBC}") = "LeerDatosUsuario", "LeerDatosUsuario\LeerDatosUsuario.csproj", "{7B1DB71F-32C7-4A19-923B-265F2AB5ACD7}"
EndProject
Global
	GlobalSection(SolutionConfigurationPlatforms) = preSolution
		Debug|Any CPU = Debug|Any CPU
		Release|Any CPU = Release|Any CPU
	EndGlobalSection
	GlobalSection(ProjectConfigurationPlatforms) = postSolution
		{7B1DB71F-32C7-4A19-923B-265F2AB5ACD7}.Debug|Any CPU.ActiveCfg = Debug|Any CPU
		{7B1DB71F-32C7-4A19-923B-265F2AB5ACD7}.Debug|Any CPU.Build.0 = Debug|Any CPU
		{7B1DB71F-32C7-4A19-923B-265F2AB5ACD7}.Release|Any CPU.ActiveCfg = Release|Any CPU
		{7B1DB71F-32C7-4A19-923B-265F2AB5ACD7}.Release|Any CPU.Build.0 = Release|Any CPU
	EndGlobalSection
	GlobalSection(SolutionProperties) = preSolution
		HideSolutionNode = FALSE
	EndGlobalSection
	GlobalSection(ExtensibilityGlobals) = postSolution
		SolutionGuid = {DA02E997-D6E1-495D-9D38-83FE8C1647B3}
	EndGlobalSection
EndGlobal
